{
  "name": "eguchi.cc",
  "version": "1.0.0",
  "lockfileVersion": 3,
  "requires": true,
  "packages": {
    "": {
      "name": "eguchi.cc",
      "version": "1.0.0",
      "workspaces": [
        "apps/*",
        "packages/*"
      ]
    },
    "apps/www": {
      "version": "1.0.0"
    },
    "node_modules/www": {
      "resolved": "apps/www",
      "link": true
    }
  }
}
